
Microsoft Visual Studio Solution File, Format Version 12.00
# Visual Studio 15
VisualStudioVersion = 15.0.27703.2042
MinimumVisualStudioVersion = 10.0.40219.1
Project("{FAE04EC0-301F-11D3-BF4B-00C04F79EFBC}") = "TimetableMapper", "TimetableMapper\TimetableMapper.csproj", "{135D84EA-CEE5-4821-A5F9-3D8AB0EBBBBE}"
EndProject
Project("{FAE04EC0-301F-11D3-BF4B-00C04F79EFBC}") = "ConsoleTimetableMapper", "ConsoleTimetableMapper\ConsoleTimetableMapper.csproj", "{8110FFBE-BA95-4A45-BEE6-511CFAF19A33}"
EndProject
Global
	GlobalSection(SolutionConfigurationPlatforms) = preSolution
		Debug|Any CPU = Debug|Any CPU
		Release|Any CPU = Release|Any CPU
	EndGlobalSection
	GlobalSection(ProjectConfigurationPlatforms) = postSolution
		{135D84EA-CEE5-4821-A5F9-3D8AB0EBBBBE}.Debug|Any CPU.ActiveCfg = Debug|Any CPU
		{135D84EA-CEE5-4821-A5F9-3D8AB0EBBBBE}.Debug|Any CPU.Build.0 = Debug|Any CPU
		{135D84EA-CEE5-4821-A5F9-3D8AB0EBBBBE}.Release|Any CPU.ActiveCfg = Release|Any CPU
		{135D84EA-CEE5-4821-A5F9-3D8AB0EBBBBE}.Release|Any CPU.Build.0 = Release|Any CPU
		{8110FFBE-BA95-4A45-BEE6-511CFAF19A33}.Debug|Any CPU.ActiveCfg = Debug|Any CPU
		{8110FFBE-BA95-4A45-BEE6-511CFAF19A33}.Debug|Any CPU.Build.0 = Debug|Any CPU
		{8110FFBE-BA95-4A45-BEE6-511CFAF19A33}.Release|Any CPU.ActiveCfg = Release|Any CPU
		{8110FFBE-BA95-4A45-BEE6-511CFAF19A33}.Release|Any CPU.Build.0 = Release|Any CPU
	EndGlobalSection
	GlobalSection(SolutionProperties) = preSolution
		HideSolutionNode = FALSE
	EndGlobalSection
	GlobalSection(ExtensibilityGlobals) = postSolution
		SolutionGuid = {97E9C183-28AB-4B58-AAE6-2C457BF7D1AD}
	EndGlobalSection
EndGlobal
