
Microsoft Visual Studio Solution File, Format Version 12.00
# Visual Studio 15
VisualStudioVersion = 15.0.27703.2042
MinimumVisualStudioVersion = 10.0.40219.1
Project("{9A19103F-16F7-4668-BE54-9A1E7A4F7556}") = "TimeTableLibrary", "TimeTableLibrary\TimeTableLibrary.csproj", "{7F0F1089-B770-40CF-9DE1-61DFE9864BF2}"
EndProject
Project("{9A19103F-16F7-4668-BE54-9A1E7A4F7556}") = "CoreUI", "CoreUI\CoreUI.csproj", "{D45C971E-F28D-4C9C-8549-20B783E01376}"
EndProject
Project("{9A19103F-16F7-4668-BE54-9A1E7A4F7556}") = "TimeTableUI", "TimeTableUI\TimeTableUI.csproj", "{B2A785FE-3C16-4EE1-900A-C4A1CE55D1C7}"
EndProject
Global
	GlobalSection(SolutionConfigurationPlatforms) = preSolution
		Debug|Any CPU = Debug|Any CPU
		Release|Any CPU = Release|Any CPU
	EndGlobalSection
	GlobalSection(ProjectConfigurationPlatforms) = postSolution
		{7F0F1089-B770-40CF-9DE1-61DFE9864BF2}.Debug|Any CPU.ActiveCfg = Debug|Any CPU
		{7F0F1089-B770-40CF-9DE1-61DFE9864BF2}.Debug|Any CPU.Build.0 = Debug|Any CPU
		{7F0F1089-B770-40CF-9DE1-61DFE9864BF2}.Release|Any CPU.ActiveCfg = Release|Any CPU
		{7F0F1089-B770-40CF-9DE1-61DFE9864BF2}.Release|Any CPU.Build.0 = Release|Any CPU
		{D45C971E-F28D-4C9C-8549-20B783E01376}.Debug|Any CPU.ActiveCfg = Debug|Any CPU
		{D45C971E-F28D-4C9C-8549-20B783E01376}.Debug|Any CPU.Build.0 = Debug|Any CPU
		{D45C971E-F28D-4C9C-8549-20B783E01376}.Release|Any CPU.ActiveCfg = Release|Any CPU
		{D45C971E-F28D-4C9C-8549-20B783E01376}.Release|Any CPU.Build.0 = Release|Any CPU
		{B2A785FE-3C16-4EE1-900A-C4A1CE55D1C7}.Debug|Any CPU.ActiveCfg = Debug|Any CPU
		{B2A785FE-3C16-4EE1-900A-C4A1CE55D1C7}.Debug|Any CPU.Build.0 = Debug|Any CPU
		{B2A785FE-3C16-4EE1-900A-C4A1CE55D1C7}.Release|Any CPU.ActiveCfg = Release|Any CPU
		{B2A785FE-3C16-4EE1-900A-C4A1CE55D1C7}.Release|Any CPU.Build.0 = Release|Any CPU
	EndGlobalSection
	GlobalSection(SolutionProperties) = preSolution
		HideSolutionNode = FALSE
	EndGlobalSection
	GlobalSection(ExtensibilityGlobals) = postSolution
		SolutionGuid = {97E9C183-28AB-4B58-AAE6-2C457BF7D1AD}
	EndGlobalSection
EndGlobal
